
Microsoft Visual Studio Solution File, Format Version 12.00
# Visual Studio 15
VisualStudioVersion = 15.0.28307.421
MinimumVisualStudioVersion = 10.0.40219.1
Project("{FAE04EC0-301F-11D3-BF4B-00C04F79EFBC}") = "ProcessDevice2DeviceMessages", "ProcessDevice2DeviceMessages\ProcessDevice2DeviceMessages.csproj", "{32319D88-38D9-414D-B634-259328B2F2F3}"
EndProject
Global
	GlobalSection(SolutionConfigurationPlatforms) = preSolution
		Debug|Any CPU = Debug|Any CPU
		Release|Any CPU = Release|Any CPU
	EndGlobalSection
	GlobalSection(ProjectConfigurationPlatforms) = postSolution
		{32319D88-38D9-414D-B634-259328B2F2F3}.Debug|Any CPU.ActiveCfg = Debug|Any CPU
		{32319D88-38D9-414D-B634-259328B2F2F3}.Debug|Any CPU.Build.0 = Debug|Any CPU
		{32319D88-38D9-414D-B634-259328B2F2F3}.Release|Any CPU.ActiveCfg = Release|Any CPU
		{32319D88-38D9-414D-B634-259328B2F2F3}.Release|Any CPU.Build.0 = Release|Any CPU
	EndGlobalSection
	GlobalSection(SolutionProperties) = preSolution
		HideSolutionNode = FALSE
	EndGlobalSection
	GlobalSection(ExtensibilityGlobals) = postSolution
		SolutionGuid = {D6CDC70C-9B6A-4847-A2AC-3E6D0661EE2D}
	EndGlobalSection
EndGlobal
