
Microsoft Visual Studio Solution File, Format Version 12.00
# Visual Studio 15
VisualStudioVersion = 15.0.28010.2046
MinimumVisualStudioVersion = 10.0.40219.1
Project("{FAE04EC0-301F-11D3-BF4B-00C04F79EFBC}") = "Client_Mobile", "Client_Mobile\Client_Mobile\Client_Mobile.csproj", "{C2E70323-6624-4EFD-9604-ACC9E4F5001E}"
EndProject
Project("{FAE04EC0-301F-11D3-BF4B-00C04F79EFBC}") = "Client_Mobile.Android", "Client_Mobile\Client_Mobile.Android\Client_Mobile.Android.csproj", "{28CACAAB-E146-480D-A366-C39988D1CA6C}"
EndProject
Global
	GlobalSection(SolutionConfigurationPlatforms) = preSolution
		Debug|Any CPU = Debug|Any CPU
		Release|Any CPU = Release|Any CPU
	EndGlobalSection
	GlobalSection(ProjectConfigurationPlatforms) = postSolution
		{C2E70323-6624-4EFD-9604-ACC9E4F5001E}.Debug|Any CPU.ActiveCfg = Debug|Any CPU
		{C2E70323-6624-4EFD-9604-ACC9E4F5001E}.Debug|Any CPU.Build.0 = Debug|Any CPU
		{C2E70323-6624-4EFD-9604-ACC9E4F5001E}.Release|Any CPU.ActiveCfg = Release|Any CPU
		{C2E70323-6624-4EFD-9604-ACC9E4F5001E}.Release|Any CPU.Build.0 = Release|Any CPU
		{28CACAAB-E146-480D-A366-C39988D1CA6C}.Debug|Any CPU.ActiveCfg = Debug|Any CPU
		{28CACAAB-E146-480D-A366-C39988D1CA6C}.Debug|Any CPU.Build.0 = Debug|Any CPU
		{28CACAAB-E146-480D-A366-C39988D1CA6C}.Debug|Any CPU.Deploy.0 = Debug|Any CPU
		{28CACAAB-E146-480D-A366-C39988D1CA6C}.Release|Any CPU.ActiveCfg = Release|Any CPU
		{28CACAAB-E146-480D-A366-C39988D1CA6C}.Release|Any CPU.Build.0 = Release|Any CPU
		{28CACAAB-E146-480D-A366-C39988D1CA6C}.Release|Any CPU.Deploy.0 = Release|Any CPU
	EndGlobalSection
	GlobalSection(SolutionProperties) = preSolution
		HideSolutionNode = FALSE
	EndGlobalSection
	GlobalSection(ExtensibilityGlobals) = postSolution
		SolutionGuid = {C71A4F44-68C7-4144-9647-0C66E060CDBA}
	EndGlobalSection
EndGlobal
